version = 1
revision = 1
requires-python = ">=3.12"

[[package]]
name = "affine"
version = "2.4.0"
source = { registry = "https://pypi.org/simple" }
sdist = { url = "https://files.pythonhosted.org/packages/69/98/d2f0bb06385069e799fc7d2870d9e078cfa0fa396dc8a2b81227d0da08b9/affine-2.4.0.tar.gz", hash = "sha256:a24d818d6a836c131976d22f8c27b8d3ca32d0af64c1d8d29deb7bafa4da1eea", size = 17132 }
wheels = [
    { url = "https://files.pythonhosted.org/packages/0b/f7/85273299ab57117850cc0a936c64151171fac4da49bc6fba0dad984a7c5f/affine-2.4.0-py3-none-any.whl", hash = "sha256:8a3df80e2b2378aef598a83c1392efd47967afec4242021a0b06b4c7cbc61a92", size = 15662 },
]

[[package]]
name = "attrs"
version = "25.3.0"
source = { registry = "https://pypi.org/simple" }
sdist = { url = "https://files.pythonhosted.org/packages/5a/b0/1367933a8532ee6ff8d63537de4f1177af4bff9f3e829baf7331f595bb24/attrs-25.3.0.tar.gz", hash = "sha256:75d7cefc7fb576747b2c81b4442d4d4a1ce0900973527c011d1030fd3bf4af1b", size = 812032 }
wheels = [
    { url = "https://files.pythonhosted.org/packages/77/06/bb80f5f86020c4551da315d78b3ab75e8228f89f0162f2c3a819e407941a/attrs-25.3.0-py3-none-any.whl", hash = "sha256:427318ce031701fea540783410126f03899a97ffc6f61596ad581ac2e40e3bc3", size = 63815 },
]

[[package]]
name = "aws-lambda-powertools"
version = "3.8.0"
source = { registry = "https://pypi.org/simple" }
dependencies = [
    { name = "jmespath" },
    { name = "typing-extensions" },
]
sdist = { url = "https://files.pythonhosted.org/packages/31/30/6422c9812c82f02133a3fa65a849c59794c0ce4d39444694b5a85298b516/aws_lambda_powertools-3.8.0.tar.gz", hash = "sha256:ef8dd957f4ba232d03c41a362e658e121c829acf1cbb504e564a0e175fe365b7", size = 656877 }
wheels = [
    { url = "https://files.pythonhosted.org/packages/42/18/307f88be02e5762e226fadbd5c4769e4696d4b87482f3c6d121e36a6375d/aws_lambda_powertools-3.8.0-py3-none-any.whl", hash = "sha256:5c1c3c21695d4183ada1de56e5f3a67eb01ae79845b47bf9ad598dcd06b5d80d", size = 779800 },
]

[[package]]
name = "certifi"
version = "2025.1.31"
source = { registry = "https://pypi.org/simple" }
sdist = { url = "https://files.pythonhosted.org/packages/1c/ab/c9f1e32b7b1bf505bf26f0ef697775960db7932abeb7b516de930ba2705f/certifi-2025.1.31.tar.gz", hash = "sha256:3d5da6925056f6f18f119200434a4780a94263f10d1c21d032a6f6b2baa20651", size = 167577 }
wheels = [
    { url = "https://files.pythonhosted.org/packages/38/fc/bce832fd4fd99766c04d1ee0eead6b0ec6486fb100ae5e74c1d91292b982/certifi-2025.1.31-py3-none-any.whl", hash = "sha256:ca78db4565a652026a4db2bcdf68f2fb589ea80d0be70e03929ed730746b84fe", size = 166393 },
]

[[package]]
name = "click"
version = "8.1.8"
source = { registry = "https://pypi.org/simple" }
dependencies = [
    { name = "colorama", marker = "sys_platform == 'win32'" },
]
sdist = { url = "https://files.pythonhosted.org/packages/b9/2e/0090cbf739cee7d23781ad4b89a9894a41538e4fcf4c31dcdd705b78eb8b/click-8.1.8.tar.gz", hash = "sha256:ed53c9d8990d83c2a27deae68e4ee337473f6330c040a31d4225c9574d16096a", size = 226593 }
wheels = [
    { url = "https://files.pythonhosted.org/packages/7e/d4/7ebdbd03970677812aac39c869717059dbb71a4cfc033ca6e5221787892c/click-8.1.8-py3-none-any.whl", hash = "sha256:63c132bbbed01578a06712a2d1f497bb62d9c1c0d329b7903a866228027263b2", size = 98188 },
]

[[package]]
name = "click-plugins"
version = "1.1.1"
source = { registry = "https://pypi.org/simple" }
dependencies = [
    { name = "click" },
]
sdist = { url = "https://files.pythonhosted.org/packages/5f/1d/45434f64ed749540af821fd7e42b8e4d23ac04b1eda7c26613288d6cd8a8/click-plugins-1.1.1.tar.gz", hash = "sha256:46ab999744a9d831159c3411bb0c79346d94a444df9a3a3742e9ed63645f264b", size = 8164 }
wheels = [
    { url = "https://files.pythonhosted.org/packages/e9/da/824b92d9942f4e472702488857914bdd50f73021efea15b4cad9aca8ecef/click_plugins-1.1.1-py2.py3-none-any.whl", hash = "sha256:5d262006d3222f5057fd81e1623d4443e41dcda5dc815c06b442aa3c02889fc8", size = 7497 },
]

[[package]]
name = "cligj"
version = "0.7.2"
source = { registry = "https://pypi.org/simple" }
dependencies = [
    { name = "click" },
]
sdist = { url = "https://files.pythonhosted.org/packages/ea/0d/837dbd5d8430fd0f01ed72c4cfb2f548180f4c68c635df84ce87956cff32/cligj-0.7.2.tar.gz", hash = "sha256:a4bc13d623356b373c2c27c53dbd9c68cae5d526270bfa71f6c6fa69669c6b27", size = 9803 }
wheels = [
    { url = "https://files.pythonhosted.org/packages/73/86/43fa9f15c5b9fb6e82620428827cd3c284aa933431405d1bcf5231ae3d3e/cligj-0.7.2-py3-none-any.whl", hash = "sha256:c1ca117dbce1fe20a5809dc96f01e1c2840f6dcc939b3ddbb1111bf330ba82df", size = 7069 },
]

[[package]]
name = "colorama"
version = "0.4.6"
source = { registry = "https://pypi.org/simple" }
sdist = { url = "https://files.pythonhosted.org/packages/d8/53/6f443c9a4a8358a93a6792e2acffb9d9d5cb0a5cfd8802644b7b1c9a02e4/colorama-0.4.6.tar.gz", hash = "sha256:08695f5cb7ed6e0531a20572697297273c47b8cae5a63ffc6d6ed5c201be6e44", size = 27697 }
wheels = [
    { url = "https://files.pythonhosted.org/packages/d1/d6/3965ed04c63042e047cb6a3e6ed1a63a35087b6a609aa3a15ed8ac56c221/colorama-0.4.6-py2.py3-none-any.whl", hash = "sha256:4f1d9991f5acc0ca119f9d443620b77f9d6b33703e51011c16baf57afb285fc6", size = 25335 },
]

[[package]]
name = "dataclasses"
version = "0.8"
source = { registry = "https://pypi.org/simple" }
sdist = { url = "https://files.pythonhosted.org/packages/1f/12/7919c5d8b9c497f9180db15ea8ead6499812ea8264a6ae18766d93c59fe5/dataclasses-0.8.tar.gz", hash = "sha256:8479067f342acf957dc82ec415d355ab5edb7e7646b90dc6e2fd1d96ad084c97", size = 36581 }
wheels = [
    { url = "https://files.pythonhosted.org/packages/fe/ca/75fac5856ab5cfa51bbbcefa250182e50441074fdc3f803f6e76451fab43/dataclasses-0.8-py3-none-any.whl", hash = "sha256:0201d89fa866f68c8ebd9d08ee6ff50c0b255f8ec63a71c16fda7af82bb887bf", size = 19041 },
]

[[package]]
name = "defusedxml"
version = "0.7.1"
source = { registry = "https://pypi.org/simple" }
sdist = { url = "https://files.pythonhosted.org/packages/0f/d5/c66da9b79e5bdb124974bfe172b4daf3c984ebd9c2a06e2b8a4dc7331c72/defusedxml-0.7.1.tar.gz", hash = "sha256:1bb3032db185915b62d7c6209c5a8792be6a32ab2fedacc84e01b52c51aa3e69", size = 75520 }
wheels = [
    { url = "https://files.pythonhosted.org/packages/07/6c/aa3f2f849e01cb6a001cd8554a88d4c77c5c1a31c95bdf1cf9301e6d9ef4/defusedxml-0.7.1-py2.py3-none-any.whl", hash = "sha256:a352e7e428770286cc899e2542b6cdaedb2b4953ff269a210103ec58f6198a61", size = 25604 },
]

[[package]]
name = "geojson"
version = "3.2.0"
source = { registry = "https://pypi.org/simple" }
sdist = { url = "https://files.pythonhosted.org/packages/85/5a/33e761df75c732fcea94aaf01f993d823138581d10c91133da58bc231e63/geojson-3.2.0.tar.gz", hash = "sha256:b860baba1e8c6f71f8f5f6e3949a694daccf40820fa8f138b3f712bd85804903", size = 24574 }
wheels = [
    { url = "https://files.pythonhosted.org/packages/18/67/a7fa2d650602731c90e0a86279841b4586e14228199e8c09165ba4863e29/geojson-3.2.0-py3-none-any.whl", hash = "sha256:69d14156469e13c79479672eafae7b37e2dcd19bdfd77b53f74fa8fe29910b52", size = 15040 },
]

[[package]]
name = "hls-vi"
version = "1.18"
source = { git = "https://github.com/NASA-IMPACT/hls-vi?rev=v1.18#5a086e0e6fd172431911df922d79bd3c8bfa4e7c" }
dependencies = [
    { name = "dataclasses" },
    { name = "geojson" },
    { name = "importlib-resources" },
    { name = "lxml" },
    { name = "numpy" },
    { name = "pystac", extra = ["validation"] },
    { name = "rasterio" },
    { name = "shapely" },
    { name = "typing-extensions" },
    { name = "untangle" },
]

[[package]]
name = "hls-vi-historical"
source = { editable = "." }
dependencies = [
    { name = "hls-vi" },
]

[package.dev-dependencies]
dev = [
    { name = "aws-lambda-powertools" },
]

[package.metadata]
requires-dist = [{ name = "hls-vi", git = "https://github.com/NASA-IMPACT/hls-vi?rev=v1.18" }]

[package.metadata.requires-dev]
dev = [{ name = "aws-lambda-powertools", specifier = ">=3.8.0" }]

[[package]]
name = "importlib-resources"
version = "6.5.2"
source = { registry = "https://pypi.org/simple" }
sdist = { url = "https://files.pythonhosted.org/packages/cf/8c/f834fbf984f691b4f7ff60f50b514cc3de5cc08abfc3295564dd89c5e2e7/importlib_resources-6.5.2.tar.gz", hash = "sha256:185f87adef5bcc288449d98fb4fba07cea78bc036455dd44c5fc4a2fe78fed2c", size = 44693 }
wheels = [
    { url = "https://files.pythonhosted.org/packages/a4/ed/1f1afb2e9e7f38a545d628f864d562a5ae64fe6f7a10e28ffb9b185b4e89/importlib_resources-6.5.2-py3-none-any.whl", hash = "sha256:789cfdc3ed28c78b67a06acb8126751ced69a3d5f79c095a98298cd8a760ccec", size = 37461 },
]

[[package]]
name = "jmespath"
version = "1.0.1"
source = { registry = "https://pypi.org/simple" }
sdist = { url = "https://files.pythonhosted.org/packages/00/2a/e867e8531cf3e36b41201936b7fa7ba7b5702dbef42922193f05c8976cd6/jmespath-1.0.1.tar.gz", hash = "sha256:90261b206d6defd58fdd5e85f478bf633a2901798906be2ad389150c5c60edbe", size = 25843 }
wheels = [
    { url = "https://files.pythonhosted.org/packages/31/b4/b9b800c45527aadd64d5b442f9b932b00648617eb5d63d2c7a6587b7cafc/jmespath-1.0.1-py3-none-any.whl", hash = "sha256:02e2e4cc71b5bcab88332eebf907519190dd9e6e82107fa7f83b1003a6252980", size = 20256 },
]

[[package]]
name = "jsonschema"
version = "4.23.0"
source = { registry = "https://pypi.org/simple" }
dependencies = [
    { name = "attrs" },
    { name = "jsonschema-specifications" },
    { name = "referencing" },
    { name = "rpds-py" },
]
sdist = { url = "https://files.pythonhosted.org/packages/38/2e/03362ee4034a4c917f697890ccd4aec0800ccf9ded7f511971c75451deec/jsonschema-4.23.0.tar.gz", hash = "sha256:d71497fef26351a33265337fa77ffeb82423f3ea21283cd9467bb03999266bc4", size = 325778 }
wheels = [
    { url = "https://files.pythonhosted.org/packages/69/4a/4f9dbeb84e8850557c02365a0eee0649abe5eb1d84af92a25731c6c0f922/jsonschema-4.23.0-py3-none-any.whl", hash = "sha256:fbadb6f8b144a8f8cf9f0b89ba94501d143e50411a1278633f56a7acf7fd5566", size = 88462 },
]

[[package]]
name = "jsonschema-specifications"
version = "2024.10.1"
source = { registry = "https://pypi.org/simple" }
dependencies = [
    { name = "referencing" },
]
sdist = { url = "https://files.pythonhosted.org/packages/10/db/58f950c996c793472e336ff3655b13fbcf1e3b359dcf52dcf3ed3b52c352/jsonschema_specifications-2024.10.1.tar.gz", hash = "sha256:0f38b83639958ce1152d02a7f062902c41c8fd20d558b0c34344292d417ae272", size = 15561 }
wheels = [
    { url = "https://files.pythonhosted.org/packages/d1/0f/8910b19ac0670a0f80ce1008e5e751c4a57e14d2c4c13a482aa6079fa9d6/jsonschema_specifications-2024.10.1-py3-none-any.whl", hash = "sha256:a09a0680616357d9a0ecf05c12ad234479f549239d0f5b55f3deea67475da9bf", size = 18459 },
]

[[package]]
name = "lxml"
version = "5.3.1"
source = { registry = "https://pypi.org/simple" }
sdist = { url = "https://files.pythonhosted.org/packages/ef/f6/c15ca8e5646e937c148e147244817672cf920b56ac0bf2cc1512ae674be8/lxml-5.3.1.tar.gz", hash = "sha256:106b7b5d2977b339f1e97efe2778e2ab20e99994cbb0ec5e55771ed0795920c8", size = 3678591 }
wheels = [
    { url = "https://files.pythonhosted.org/packages/3b/f4/5121aa9ee8e09b8b8a28cf3709552efe3d206ca51a20d6fa471b60bb3447/lxml-5.3.1-cp312-cp312-macosx_10_9_universal2.whl", hash = "sha256:e69add9b6b7b08c60d7ff0152c7c9a6c45b4a71a919be5abde6f98f1ea16421c", size = 8191889 },
    { url = "https://files.pythonhosted.org/packages/0a/ca/8e9aa01edddc74878f4aea85aa9ab64372f46aa804d1c36dda861bf9eabf/lxml-5.3.1-cp312-cp312-macosx_10_9_x86_64.whl", hash = "sha256:4e52e1b148867b01c05e21837586ee307a01e793b94072d7c7b91d2c2da02ffe", size = 4450685 },
    { url = "https://files.pythonhosted.org/packages/b2/b3/ea40a5c98619fbd7e9349df7007994506d396b97620ced34e4e5053d3734/lxml-5.3.1-cp312-cp312-manylinux_2_12_i686.manylinux2010_i686.manylinux_2_17_i686.manylinux2014_i686.whl", hash = "sha256:a4b382e0e636ed54cd278791d93fe2c4f370772743f02bcbe431a160089025c9", size = 5051722 },
    { url = "https://files.pythonhosted.org/packages/3a/5e/375418be35f8a695cadfe7e7412f16520e62e24952ed93c64c9554755464/lxml-5.3.1-cp312-cp312-manylinux_2_17_aarch64.manylinux2014_aarch64.whl", hash = "sha256:c2e49dc23a10a1296b04ca9db200c44d3eb32c8d8ec532e8c1fd24792276522a", size = 4786661 },
    { url = "https://files.pythonhosted.org/packages/79/7c/d258eaaa9560f6664f9b426a5165103015bee6512d8931e17342278bad0a/lxml-5.3.1-cp312-cp312-manylinux_2_17_ppc64le.manylinux2014_ppc64le.whl", hash = "sha256:4399b4226c4785575fb20998dc571bc48125dc92c367ce2602d0d70e0c455eb0", size = 5311766 },
    { url = "https://files.pythonhosted.org/packages/03/bc/a041415be4135a1b3fdf017a5d873244cc16689456166fbdec4b27fba153/lxml-5.3.1-cp312-cp312-manylinux_2_17_s390x.manylinux2014_s390x.whl", hash = "sha256:5412500e0dc5481b1ee9cf6b38bb3b473f6e411eb62b83dc9b62699c3b7b79f7", size = 4836014 },
    { url = "https://files.pythonhosted.org/packages/32/88/047f24967d5e3fc97848ea2c207eeef0f16239cdc47368c8b95a8dc93a33/lxml-5.3.1-cp312-cp312-manylinux_2_17_x86_64.manylinux2014_x86_64.whl", hash = "sha256:1c93ed3c998ea8472be98fb55aed65b5198740bfceaec07b2eba551e55b7b9ae", size = 4961064 },
    { url = "https://files.pythonhosted.org/packages/3d/b5/ecf5a20937ecd21af02c5374020f4e3a3538e10a32379a7553fca3d77094/lxml-5.3.1-cp312-cp312-manylinux_2_28_aarch64.whl", hash = "sha256:63d57fc94eb0bbb4735e45517afc21ef262991d8758a8f2f05dd6e4174944519", size = 4778341 },
    { url = "https://files.pythonhosted.org/packages/a4/05/56c359e07275911ed5f35ab1d63c8cd3360d395fb91e43927a2ae90b0322/lxml-5.3.1-cp312-cp312-manylinux_2_28_ppc64le.whl", hash = "sha256:b450d7cabcd49aa7ab46a3c6aa3ac7e1593600a1a0605ba536ec0f1b99a04322", size = 5345450 },
    { url = "https://files.pythonhosted.org/packages/b7/f4/f95e3ae12e9f32fbcde00f9affa6b0df07f495117f62dbb796a9a31c84d6/lxml-5.3.1-cp312-cp312-manylinux_2_28_s390x.whl", hash = "sha256:4df0ec814b50275ad6a99bc82a38b59f90e10e47714ac9871e1b223895825468", size = 4908336 },
    { url = "https://files.pythonhosted.org/packages/c5/f8/309546aec092434166a6e11c7dcecb5c2d0a787c18c072d61e18da9eba57/lxml-5.3.1-cp312-cp312-manylinux_2_28_x86_64.whl", hash = "sha256:d184f85ad2bb1f261eac55cddfcf62a70dee89982c978e92b9a74a1bfef2e367", size = 4986049 },
    { url = "https://files.pythonhosted.org/packages/71/1c/b951817cb5058ca7c332d012dfe8bc59dabd0f0a8911ddd7b7ea8e41cfbd/lxml-5.3.1-cp312-cp312-musllinux_1_2_aarch64.whl", hash = "sha256:b725e70d15906d24615201e650d5b0388b08a5187a55f119f25874d0103f90dd", size = 4860351 },
    { url = "https://files.pythonhosted.org/packages/31/23/45feba8dae1d35fcca1e51b051f59dc4223cbd23e071a31e25f3f73938a8/lxml-5.3.1-cp312-cp312-musllinux_1_2_ppc64le.whl", hash = "sha256:a31fa7536ec1fb7155a0cd3a4e3d956c835ad0a43e3610ca32384d01f079ea1c", size = 5421580 },
    { url = "https://files.pythonhosted.org/packages/61/69/be245d7b2dbef81c542af59c97fcd641fbf45accf2dc1c325bae7d0d014c/lxml-5.3.1-cp312-cp312-musllinux_1_2_s390x.whl", hash = "sha256:3c3c8b55c7fc7b7e8877b9366568cc73d68b82da7fe33d8b98527b73857a225f", size = 5285778 },
    { url = "https://files.pythonhosted.org/packages/69/06/128af2ed04bac99b8f83becfb74c480f1aa18407b5c329fad457e08a1bf4/lxml-5.3.1-cp312-cp312-musllinux_1_2_x86_64.whl", hash = "sha256:d61ec60945d694df806a9aec88e8f29a27293c6e424f8ff91c80416e3c617645", size = 5054455 },
    { url = "https://files.pythonhosted.org/packages/8a/2d/f03a21cf6cc75cdd083563e509c7b6b159d761115c4142abb5481094ed8c/lxml-5.3.1-cp312-cp312-win32.whl", hash = "sha256:f4eac0584cdc3285ef2e74eee1513a6001681fd9753b259e8159421ed28a72e5", size = 3486315 },
    { url = "https://files.pythonhosted.org/packages/2b/9c/8abe21585d20ef70ad9cec7562da4332b764ed69ec29b7389d23dfabcea0/lxml-5.3.1-cp312-cp312-win_amd64.whl", hash = "sha256:29bfc8d3d88e56ea0a27e7c4897b642706840247f59f4377d81be8f32aa0cfbf", size = 3816925 },
    { url = "https://files.pythonhosted.org/packages/94/1c/724931daa1ace168e0237b929e44062545bf1551974102a5762c349c668d/lxml-5.3.1-cp313-cp313-macosx_10_13_universal2.whl", hash = "sha256:c093c7088b40d8266f57ed71d93112bd64c6724d31f0794c1e52cc4857c28e0e", size = 8171881 },
    { url = "https://files.pythonhosted.org/packages/67/0c/857b8fb6010c4246e66abeebb8639eaabba60a6d9b7c606554ecc5cbf1ee/lxml-5.3.1-cp313-cp313-macosx_10_13_x86_64.whl", hash = "sha256:b0884e3f22d87c30694e625b1e62e6f30d39782c806287450d9dc2fdf07692fd", size = 4440394 },
    { url = "https://files.pythonhosted.org/packages/61/72/c9e81de6a000f9682ccdd13503db26e973b24c68ac45a7029173237e3eed/lxml-5.3.1-cp313-cp313-manylinux_2_12_i686.manylinux2010_i686.manylinux_2_17_i686.manylinux2014_i686.whl", hash = "sha256:1637fa31ec682cd5760092adfabe86d9b718a75d43e65e211d5931809bc111e7", size = 5037860 },
    { url = "https://files.pythonhosted.org/packages/24/26/942048c4b14835711b583b48cd7209bd2b5f0b6939ceed2381a494138b14/lxml-5.3.1-cp313-cp313-manylinux_2_17_aarch64.manylinux2014_aarch64.whl", hash = "sha256:a364e8e944d92dcbf33b6b494d4e0fb3499dcc3bd9485beb701aa4b4201fa414", size = 4782513 },
    { url = "https://files.pythonhosted.org/packages/e2/65/27792339caf00f610cc5be32b940ba1e3009b7054feb0c4527cebac228d4/lxml-5.3.1-cp313-cp313-manylinux_2_17_ppc64le.manylinux2014_ppc64le.whl", hash = "sha256:779e851fd0e19795ccc8a9bb4d705d6baa0ef475329fe44a13cf1e962f18ff1e", size = 5305227 },
    { url = "https://files.pythonhosted.org/packages/18/e1/25f7aa434a4d0d8e8420580af05ea49c3e12db6d297cf5435ac0a054df56/lxml-5.3.1-cp313-cp313-manylinux_2_17_s390x.manylinux2014_s390x.whl", hash = "sha256:c4393600915c308e546dc7003d74371744234e8444a28622d76fe19b98fa59d1", size = 4829846 },
    { url = "https://files.pythonhosted.org/packages/fe/ed/faf235e0792547d24f61ee1448159325448a7e4f2ab706503049d8e5df19/lxml-5.3.1-cp313-cp313-manylinux_2_17_x86_64.manylinux2014_x86_64.whl", hash = "sha256:673b9d8e780f455091200bba8534d5f4f465944cbdd61f31dc832d70e29064a5", size = 4949495 },
    { url = "https://files.pythonhosted.org/packages/e5/e1/8f572ad9ed6039ba30f26dd4c2c58fb90f79362d2ee35ca3820284767672/lxml-5.3.1-cp313-cp313-manylinux_2_28_aarch64.whl", hash = "sha256:2e4a570f6a99e96c457f7bec5ad459c9c420ee80b99eb04cbfcfe3fc18ec6423", size = 4773415 },
    { url = "https://files.pythonhosted.org/packages/a3/75/6b57166b9d1983dac8f28f354e38bff8d6bcab013a241989c4d54c72701b/lxml-5.3.1-cp313-cp313-manylinux_2_28_ppc64le.whl", hash = "sha256:71f31eda4e370f46af42fc9f264fafa1b09f46ba07bdbee98f25689a04b81c20", size = 5337710 },
    { url = "https://files.pythonhosted.org/packages/cc/71/4aa56e2daa83bbcc66ca27b5155be2f900d996f5d0c51078eaaac8df9547/lxml-5.3.1-cp313-cp313-manylinux_2_28_s390x.whl", hash = "sha256:42978a68d3825eaac55399eb37a4d52012a205c0c6262199b8b44fcc6fd686e8", size = 4897362 },
    { url = "https://files.pythonhosted.org/packages/65/10/3fa2da152cd9b49332fd23356ed7643c9b74cad636ddd5b2400a9730d12b/lxml-5.3.1-cp313-cp313-manylinux_2_28_x86_64.whl", hash = "sha256:8b1942b3e4ed9ed551ed3083a2e6e0772de1e5e3aca872d955e2e86385fb7ff9", size = 4977795 },
    { url = "https://files.pythonhosted.org/packages/de/d2/e1da0f7b20827e7b0ce934963cb6334c1b02cf1bb4aecd218c4496880cb3/lxml-5.3.1-cp313-cp313-musllinux_1_2_aarch64.whl", hash = "sha256:85c4f11be9cf08917ac2a5a8b6e1ef63b2f8e3799cec194417e76826e5f1de9c", size = 4858104 },
    { url = "https://files.pythonhosted.org/packages/a5/35/063420e1b33d3308f5aa7fcbdd19ef6c036f741c9a7a4bd5dc8032486b27/lxml-5.3.1-cp313-cp313-musllinux_1_2_ppc64le.whl", hash = "sha256:231cf4d140b22a923b1d0a0a4e0b4f972e5893efcdec188934cc65888fd0227b", size = 5416531 },
    { url = "https://files.pythonhosted.org/packages/c3/83/93a6457d291d1e37adfb54df23498101a4701834258c840381dd2f6a030e/lxml-5.3.1-cp313-cp313-musllinux_1_2_s390x.whl", hash = "sha256:5865b270b420eda7b68928d70bb517ccbe045e53b1a428129bb44372bf3d7dd5", size = 5273040 },
    { url = "https://files.pythonhosted.org/packages/39/25/ad4ac8fac488505a2702656550e63c2a8db3a4fd63db82a20dad5689cecb/lxml-5.3.1-cp313-cp313-musllinux_1_2_x86_64.whl", hash = "sha256:dbf7bebc2275016cddf3c997bf8a0f7044160714c64a9b83975670a04e6d2252", size = 5050951 },
    { url = "https://files.pythonhosted.org/packages/82/74/f7d223c704c87e44b3d27b5e0dde173a2fcf2e89c0524c8015c2b3554876/lxml-5.3.1-cp313-cp313-win32.whl", hash = "sha256:d0751528b97d2b19a388b302be2a0ee05817097bab46ff0ed76feeec24951f78", size = 3485357 },
    { url = "https://files.pythonhosted.org/packages/80/83/8c54533b3576f4391eebea88454738978669a6cad0d8e23266224007939d/lxml-5.3.1-cp313-cp313-win_amd64.whl", hash = "sha256:91fb6a43d72b4f8863d21f347a9163eecbf36e76e2f51068d59cd004c506f332", size = 3814484 },
]

[[package]]
name = "numpy"
version = "1.26.4"
source = { registry = "https://pypi.org/simple" }
sdist = { url = "https://files.pythonhosted.org/packages/65/6e/09db70a523a96d25e115e71cc56a6f9031e7b8cd166c1ac8438307c14058/numpy-1.26.4.tar.gz", hash = "sha256:2a02aba9ed12e4ac4eb3ea9421c420301a0c6460d9830d74a9df87efa4912010", size = 15786129 }
wheels = [
    { url = "https://files.pythonhosted.org/packages/95/12/8f2020a8e8b8383ac0177dc9570aad031a3beb12e38847f7129bacd96228/numpy-1.26.4-cp312-cp312-macosx_10_9_x86_64.whl", hash = "sha256:b3ce300f3644fb06443ee2222c2201dd3a89ea6040541412b8fa189341847218", size = 20335901 },
    { url = "https://files.pythonhosted.org/packages/75/5b/ca6c8bd14007e5ca171c7c03102d17b4f4e0ceb53957e8c44343a9546dcc/numpy-1.26.4-cp312-cp312-macosx_11_0_arm64.whl", hash = "sha256:03a8c78d01d9781b28a6989f6fa1bb2c4f2d51201cf99d3dd875df6fbd96b23b", size = 13685868 },
    { url = "https://files.pythonhosted.org/packages/79/f8/97f10e6755e2a7d027ca783f63044d5b1bc1ae7acb12afe6a9b4286eac17/numpy-1.26.4-cp312-cp312-manylinux_2_17_aarch64.manylinux2014_aarch64.whl", hash = "sha256:9fad7dcb1aac3c7f0584a5a8133e3a43eeb2fe127f47e3632d43d677c66c102b", size = 13925109 },
    { url = "https://files.pythonhosted.org/packages/0f/50/de23fde84e45f5c4fda2488c759b69990fd4512387a8632860f3ac9cd225/numpy-1.26.4-cp312-cp312-manylinux_2_17_x86_64.manylinux2014_x86_64.whl", hash = "sha256:675d61ffbfa78604709862923189bad94014bef562cc35cf61d3a07bba02a7ed", size = 17950613 },
    { url = "https://files.pythonhosted.org/packages/4c/0c/9c603826b6465e82591e05ca230dfc13376da512b25ccd0894709b054ed0/numpy-1.26.4-cp312-cp312-musllinux_1_1_aarch64.whl", hash = "sha256:ab47dbe5cc8210f55aa58e4805fe224dac469cde56b9f731a4c098b91917159a", size = 13572172 },
    { url = "https://files.pythonhosted.org/packages/76/8c/2ba3902e1a0fc1c74962ea9bb33a534bb05984ad7ff9515bf8d07527cadd/numpy-1.26.4-cp312-cp312-musllinux_1_1_x86_64.whl", hash = "sha256:1dda2e7b4ec9dd512f84935c5f126c8bd8b9f2fc001e9f54af255e8c5f16b0e0", size = 17786643 },
    { url = "https://files.pythonhosted.org/packages/28/4a/46d9e65106879492374999e76eb85f87b15328e06bd1550668f79f7b18c6/numpy-1.26.4-cp312-cp312-win32.whl", hash = "sha256:50193e430acfc1346175fcbdaa28ffec49947a06918b7b92130744e81e640110", size = 5677803 },
    { url = "https://files.pythonhosted.org/packages/16/2e/86f24451c2d530c88daf997cb8d6ac622c1d40d19f5a031ed68a4b73a374/numpy-1.26.4-cp312-cp312-win_amd64.whl", hash = "sha256:08beddf13648eb95f8d867350f6a018a4be2e5ad54c8d8caed89ebca558b2818", size = 15517754 },
]

[[package]]
name = "pyparsing"
version = "3.2.1"
source = { registry = "https://pypi.org/simple" }
sdist = { url = "https://files.pythonhosted.org/packages/8b/1a/3544f4f299a47911c2ab3710f534e52fea62a633c96806995da5d25be4b2/pyparsing-3.2.1.tar.gz", hash = "sha256:61980854fd66de3a90028d679a954d5f2623e83144b5afe5ee86f43d762e5f0a", size = 1067694 }
wheels = [
    { url = "https://files.pythonhosted.org/packages/1c/a7/c8a2d361bf89c0d9577c934ebb7421b25dc84bf3a8e3ac0a40aed9acc547/pyparsing-3.2.1-py3-none-any.whl", hash = "sha256:506ff4f4386c4cec0590ec19e6302d3aedb992fdc02c761e90416f158dacf8e1", size = 107716 },
]

[[package]]
name = "pystac"
version = "1.0.0rc2"
source = { registry = "https://pypi.org/simple" }
dependencies = [
    { name = "python-dateutil" },
]
sdist = { url = "https://files.pythonhosted.org/packages/bf/ed/908a9e30acb01b67c8351afca52d756ab44a50993f8480214c27b31bc38f/pystac-1.0.0rc2.tar.gz", hash = "sha256:b093415185753a2eaef59258e97bdd25c71dd4ea363ffc38eb55e7ed7c95686d", size = 141947 }
wheels = [
    { url = "https://files.pythonhosted.org/packages/bc/fa/4b35e76847250aff850e61adbc7fabde72a4ca584589d8762277984397ab/pystac-1.0.0rc2-py3-none-any.whl", hash = "sha256:7103c219eaccdb23a62fcb0ea995cbcec87fc0c160f0486aca83a14cce016209", size = 184294 },
]

[package.optional-dependencies]
validation = [
    { name = "jsonschema" },
]

[[package]]
name = "python-dateutil"
version = "2.9.0.post0"
source = { registry = "https://pypi.org/simple" }
dependencies = [
    { name = "six" },
]
sdist = { url = "https://files.pythonhosted.org/packages/66/c0/0c8b6ad9f17a802ee498c46e004a0eb49bc148f2fd230864601a86dcf6db/python-dateutil-2.9.0.post0.tar.gz", hash = "sha256:37dd54208da7e1cd875388217d5e00ebd4179249f90fb72437e91a35459a0ad3", size = 342432 }
wheels = [
    { url = "https://files.pythonhosted.org/packages/ec/57/56b9bcc3c9c6a792fcbaf139543cee77261f3651ca9da0c93f5c1221264b/python_dateutil-2.9.0.post0-py2.py3-none-any.whl", hash = "sha256:a8b2bc7bffae282281c8140a97d3aa9c14da0b136dfe83f850eea9a5f7470427", size = 229892 },
]

[[package]]
name = "rasterio"
version = "1.4.3"
source = { registry = "https://pypi.org/simple" }
dependencies = [
    { name = "affine" },
    { name = "attrs" },
    { name = "certifi" },
    { name = "click" },
    { name = "click-plugins" },
    { name = "cligj" },
    { name = "numpy" },
    { name = "pyparsing" },
]
sdist = { url = "https://files.pythonhosted.org/packages/de/19/ab4326e419b543da623ce4191f68e3f36a4d9adc64f3df5c78f044d8d9ca/rasterio-1.4.3.tar.gz", hash = "sha256:201f05dbc7c4739dacb2c78a1cf4e09c0b7265b0a4d16ccbd1753ce4f2af350a", size = 442990 }
wheels = [
    { url = "https://files.pythonhosted.org/packages/5a/f2/b7417292ceace70d815760f7e41fe5b0244ebff78ede11b1ffa9ca01c370/rasterio-1.4.3-cp312-cp312-macosx_10_15_x86_64.whl", hash = "sha256:e703e4b2c74c678786d5d110a3f30e26f3acfd65f09ccf35f69683a532f7a772", size = 21514543 },
    { url = "https://files.pythonhosted.org/packages/b2/ea/e21010457847b26bb4aea3983e9b44afbcefef07defc5e9a3285a8fe2f0c/rasterio-1.4.3-cp312-cp312-macosx_14_0_arm64.whl", hash = "sha256:38a126f8dbf405cd3450b5bd10c6cc493a2e1be4cf83442d26f5e4f412372d36", size = 18735924 },
    { url = "https://files.pythonhosted.org/packages/67/72/331727423b28fffdfd8bf18bdc55c18d374c0fefd2dde390cd833f8f4477/rasterio-1.4.3-cp312-cp312-manylinux_2_17_x86_64.manylinux2014_x86_64.whl", hash = "sha256:8e90c2c300294265c16becc9822337ded0f01fb8664500b4d77890d633d8cd0e", size = 22251721 },
    { url = "https://files.pythonhosted.org/packages/be/cc/453816b489af94b9a243eda889865973d518989ba6923b2381f6d6722b43/rasterio-1.4.3-cp312-cp312-win_amd64.whl", hash = "sha256:a962ad4c29feaf38b1d7a94389313127de3646a5b9b734fbf9a04e16051a27ff", size = 25430154 },
    { url = "https://files.pythonhosted.org/packages/2e/e0/718c06b825d1f62077913e5bff1e70b71ac673718b135d55a0256d88d4ba/rasterio-1.4.3-cp313-cp313-macosx_10_15_x86_64.whl", hash = "sha256:5d4fcb635379b3d7b2f5e944c153849e3d27e93f35ad73ad4d3f0b8a580f0c8e", size = 21532284 },
    { url = "https://files.pythonhosted.org/packages/bb/a8/3b6b11923300d6835453d1157fabb518338067a67366c5c52e9df9a2314f/rasterio-1.4.3-cp313-cp313-macosx_14_0_arm64.whl", hash = "sha256:98a9c89eade8c779e8ac1e525269faaa18c6b9818fc3c72cfc4627df71c66d0d", size = 18729960 },
    { url = "https://files.pythonhosted.org/packages/05/19/94d6c66184c7d0f9374330c714f62c147dbb53eda9efdcc8fc6e2ac454c5/rasterio-1.4.3-cp313-cp313-manylinux_2_17_x86_64.manylinux2014_x86_64.whl", hash = "sha256:d9bab1a0bb22b8bed1db34b5258db93d790ed4e61ef21ac055a7c6933c8d5e84", size = 22237518 },
    { url = "https://files.pythonhosted.org/packages/df/88/9db5f49ebfdd9c12365e4cac76c34ccb1a642b1c8cbab4124b3c681495de/rasterio-1.4.3-cp313-cp313-win_amd64.whl", hash = "sha256:1839960e2f3057a6daa323ccf67b330f8f2f0dbd4a50cc7031e88e649301c5c0", size = 25424949 },
]

[[package]]
name = "referencing"
version = "0.36.2"
source = { registry = "https://pypi.org/simple" }
dependencies = [
    { name = "attrs" },
    { name = "rpds-py" },
    { name = "typing-extensions", marker = "python_full_version < '3.13'" },
]
sdist = { url = "https://files.pythonhosted.org/packages/2f/db/98b5c277be99dd18bfd91dd04e1b759cad18d1a338188c936e92f921c7e2/referencing-0.36.2.tar.gz", hash = "sha256:df2e89862cd09deabbdba16944cc3f10feb6b3e6f18e902f7cc25609a34775aa", size = 74744 }
wheels = [
    { url = "https://files.pythonhosted.org/packages/c1/b1/3baf80dc6d2b7bc27a95a67752d0208e410351e3feb4eb78de5f77454d8d/referencing-0.36.2-py3-none-any.whl", hash = "sha256:e8699adbbf8b5c7de96d8ffa0eb5c158b3beafce084968e2ea8bb08c6794dcd0", size = 26775 },
]

[[package]]
name = "rpds-py"
version = "0.23.1"
source = { registry = "https://pypi.org/simple" }
sdist = { url = "https://files.pythonhosted.org/packages/0a/79/2ce611b18c4fd83d9e3aecb5cba93e1917c050f556db39842889fa69b79f/rpds_py-0.23.1.tar.gz", hash = "sha256:7f3240dcfa14d198dba24b8b9cb3b108c06b68d45b7babd9eefc1038fdf7e707", size = 26806 }
wheels = [
    { url = "https://files.pythonhosted.org/packages/f3/8c/d17efccb9f5b9137ddea706664aebae694384ae1d5997c0202093e37185a/rpds_py-0.23.1-cp312-cp312-macosx_10_12_x86_64.whl", hash = "sha256:3902df19540e9af4cc0c3ae75974c65d2c156b9257e91f5101a51f99136d834c", size = 364369 },
    { url = "https://files.pythonhosted.org/packages/6e/c0/ab030f696b5c573107115a88d8d73d80f03309e60952b64c584c70c659af/rpds_py-0.23.1-cp312-cp312-macosx_11_0_arm64.whl", hash = "sha256:66f8d2a17e5838dd6fb9be6baaba8e75ae2f5fa6b6b755d597184bfcd3cb0eba", size = 349965 },
    { url = "https://files.pythonhosted.org/packages/b3/55/b40170f5a079c4fb0b6a82b299689e66e744edca3c3375a8b160fb797660/rpds_py-0.23.1-cp312-cp312-manylinux_2_17_aarch64.manylinux2014_aarch64.whl", hash = "sha256:112b8774b0b4ee22368fec42749b94366bd9b536f8f74c3d4175d4395f5cbd31", size = 389064 },
    { url = "https://files.pythonhosted.org/packages/ab/1c/b03a912c59ec7c1e16b26e587b9dfa8ddff3b07851e781e8c46e908a365a/rpds_py-0.23.1-cp312-cp312-manylinux_2_17_armv7l.manylinux2014_armv7l.whl", hash = "sha256:e0df046f2266e8586cf09d00588302a32923eb6386ced0ca5c9deade6af9a149", size = 397741 },
    { url = "https://files.pythonhosted.org/packages/52/6f/151b90792b62fb6f87099bcc9044c626881fdd54e31bf98541f830b15cea/rpds_py-0.23.1-cp312-cp312-manylinux_2_17_ppc64le.manylinux2014_ppc64le.whl", hash = "sha256:0f3288930b947cbebe767f84cf618d2cbe0b13be476e749da0e6a009f986248c", size = 448784 },
    { url = "https://files.pythonhosted.org/packages/71/2a/6de67c0c97ec7857e0e9e5cd7c52405af931b303eb1e5b9eff6c50fd9a2e/rpds_py-0.23.1-cp312-cp312-manylinux_2_17_s390x.manylinux2014_s390x.whl", hash = "sha256:ce473a2351c018b06dd8d30d5da8ab5a0831056cc53b2006e2a8028172c37ce5", size = 440203 },
    { url = "https://files.pythonhosted.org/packages/db/5e/e759cd1c276d98a4b1f464b17a9bf66c65d29f8f85754e27e1467feaa7c3/rpds_py-0.23.1-cp312-cp312-manylinux_2_17_x86_64.manylinux2014_x86_64.whl", hash = "sha256:d550d7e9e7d8676b183b37d65b5cd8de13676a738973d330b59dc8312df9c5dc", size = 391611 },
    { url = "https://files.pythonhosted.org/packages/1c/1e/2900358efcc0d9408c7289769cba4c0974d9db314aa884028ed7f7364f61/rpds_py-0.23.1-cp312-cp312-manylinux_2_5_i686.manylinux1_i686.whl", hash = "sha256:e14f86b871ea74c3fddc9a40e947d6a5d09def5adc2076ee61fb910a9014fb35", size = 423306 },
    { url = "https://files.pythonhosted.org/packages/23/07/6c177e6d059f5d39689352d6c69a926ee4805ffdb6f06203570234d3d8f7/rpds_py-0.23.1-cp312-cp312-musllinux_1_2_aarch64.whl", hash = "sha256:1bf5be5ba34e19be579ae873da515a2836a2166d8d7ee43be6ff909eda42b72b", size = 562323 },
    { url = "https://files.pythonhosted.org/packages/70/e4/f9097fd1c02b516fff9850792161eb9fc20a2fd54762f3c69eae0bdb67cb/rpds_py-0.23.1-cp312-cp312-musllinux_1_2_i686.whl", hash = "sha256:d7031d493c4465dbc8d40bd6cafefef4bd472b17db0ab94c53e7909ee781b9ef", size = 588351 },
    { url = "https://files.pythonhosted.org/packages/87/39/5db3c6f326bfbe4576ae2af6435bd7555867d20ae690c786ff33659f293b/rpds_py-0.23.1-cp312-cp312-musllinux_1_2_x86_64.whl", hash = "sha256:55ff4151cfd4bc635e51cfb1c59ac9f7196b256b12e3a57deb9e5742e65941ad", size = 557252 },
    { url = "https://files.pythonhosted.org/packages/fd/14/2d5ad292f144fa79bafb78d2eb5b8a3a91c358b6065443cb9c49b5d1fedf/rpds_py-0.23.1-cp312-cp312-win32.whl", hash = "sha256:a9d3b728f5a5873d84cba997b9d617c6090ca5721caaa691f3b1a78c60adc057", size = 222181 },
    { url = "https://files.pythonhosted.org/packages/a3/4f/0fce63e0f5cdd658e71e21abd17ac1bc9312741ebb8b3f74eeed2ebdf771/rpds_py-0.23.1-cp312-cp312-win_amd64.whl", hash = "sha256:b03a8d50b137ee758e4c73638b10747b7c39988eb8e6cd11abb7084266455165", size = 237426 },
    { url = "https://files.pythonhosted.org/packages/13/9d/b8b2c0edffb0bed15be17b6d5ab06216f2f47f9ee49259c7e96a3ad4ca42/rpds_py-0.23.1-cp313-cp313-macosx_10_12_x86_64.whl", hash = "sha256:4caafd1a22e5eaa3732acb7672a497123354bef79a9d7ceed43387d25025e935", size = 363672 },
    { url = "https://files.pythonhosted.org/packages/bd/c2/5056fa29e6894144d7ba4c938b9b0445f75836b87d2dd00ed4999dc45a8c/rpds_py-0.23.1-cp313-cp313-macosx_11_0_arm64.whl", hash = "sha256:178f8a60fc24511c0eb756af741c476b87b610dba83270fce1e5a430204566a4", size = 349602 },
    { url = "https://files.pythonhosted.org/packages/b0/bc/33779a1bb0ee32d8d706b173825aab75c628521d23ce72a7c1e6a6852f86/rpds_py-0.23.1-cp313-cp313-manylinux_2_17_aarch64.manylinux2014_aarch64.whl", hash = "sha256:c632419c3870507ca20a37c8f8f5352317aca097639e524ad129f58c125c61c6", size = 388746 },
    { url = "https://files.pythonhosted.org/packages/62/0b/71db3e36b7780a619698ec82a9c87ab44ad7ca7f5480913e8a59ff76f050/rpds_py-0.23.1-cp313-cp313-manylinux_2_17_armv7l.manylinux2014_armv7l.whl", hash = "sha256:698a79d295626ee292d1730bc2ef6e70a3ab135b1d79ada8fde3ed0047b65a10", size = 397076 },
    { url = "https://files.pythonhosted.org/packages/bb/2e/494398f613edf77ba10a916b1ddea2acce42ab0e3b62e2c70ffc0757ce00/rpds_py-0.23.1-cp313-cp313-manylinux_2_17_ppc64le.manylinux2014_ppc64le.whl", hash = "sha256:271fa2184cf28bdded86bb6217c8e08d3a169fe0bbe9be5e8d96e8476b707122", size = 448399 },
    { url = "https://files.pythonhosted.org/packages/dd/53/4bd7f5779b1f463243ee5fdc83da04dd58a08f86e639dbffa7a35f969a84/rpds_py-0.23.1-cp313-cp313-manylinux_2_17_s390x.manylinux2014_s390x.whl", hash = "sha256:b91cceb5add79ee563bd1f70b30896bd63bc5f78a11c1f00a1e931729ca4f1f4", size = 439764 },
    { url = "https://files.pythonhosted.org/packages/f6/55/b3c18c04a460d951bf8e91f2abf46ce5b6426fb69784166a6a25827cb90a/rpds_py-0.23.1-cp313-cp313-manylinux_2_17_x86_64.manylinux2014_x86_64.whl", hash = "sha256:f3a6cb95074777f1ecda2ca4fa7717caa9ee6e534f42b7575a8f0d4cb0c24013", size = 390662 },
    { url = "https://files.pythonhosted.org/packages/2a/65/cc463044a3cbd616029b2aa87a651cdee8288d2fdd7780b2244845e934c1/rpds_py-0.23.1-cp313-cp313-manylinux_2_5_i686.manylinux1_i686.whl", hash = "sha256:50fb62f8d8364978478b12d5f03bf028c6bc2af04082479299139dc26edf4c64", size = 422680 },
    { url = "https://files.pythonhosted.org/packages/fa/8e/1fa52990c7836d72e8d70cd7753f2362c72fbb0a49c1462e8c60e7176d0b/rpds_py-0.23.1-cp313-cp313-musllinux_1_2_aarch64.whl", hash = "sha256:c8f7e90b948dc9dcfff8003f1ea3af08b29c062f681c05fd798e36daa3f7e3e8", size = 561792 },
    { url = "https://files.pythonhosted.org/packages/57/b8/fe3b612979b1a29d0c77f8585903d8b3a292604b26d4b300e228b8ac6360/rpds_py-0.23.1-cp313-cp313-musllinux_1_2_i686.whl", hash = "sha256:5b98b6c953e5c2bda51ab4d5b4f172617d462eebc7f4bfdc7c7e6b423f6da957", size = 588127 },
    { url = "https://files.pythonhosted.org/packages/44/2d/fde474de516bbc4b9b230f43c98e7f8acc5da7fc50ceed8e7af27553d346/rpds_py-0.23.1-cp313-cp313-musllinux_1_2_x86_64.whl", hash = "sha256:2893d778d4671ee627bac4037a075168b2673c57186fb1a57e993465dbd79a93", size = 556981 },
    { url = "https://files.pythonhosted.org/packages/18/57/767deeb27b81370bbab8f74ef6e68d26c4ea99018f3c71a570e506fede85/rpds_py-0.23.1-cp313-cp313-win32.whl", hash = "sha256:2cfa07c346a7ad07019c33fb9a63cf3acb1f5363c33bc73014e20d9fe8b01cdd", size = 221936 },
    { url = "https://files.pythonhosted.org/packages/7d/6c/3474cfdd3cafe243f97ab8474ea8949236eb2a1a341ca55e75ce00cd03da/rpds_py-0.23.1-cp313-cp313-win_amd64.whl", hash = "sha256:3aaf141d39f45322e44fc2c742e4b8b4098ead5317e5f884770c8df0c332da70", size = 237145 },
    { url = "https://files.pythonhosted.org/packages/ec/77/e985064c624230f61efa0423759bb066da56ebe40c654f8b5ba225bd5d63/rpds_py-0.23.1-cp313-cp313t-macosx_10_12_x86_64.whl", hash = "sha256:759462b2d0aa5a04be5b3e37fb8183615f47014ae6b116e17036b131985cb731", size = 359623 },
    { url = "https://files.pythonhosted.org/packages/62/d9/a33dcbf62b29e40559e012d525bae7d516757cf042cc9234bd34ca4b6aeb/rpds_py-0.23.1-cp313-cp313t-macosx_11_0_arm64.whl", hash = "sha256:3e9212f52074fc9d72cf242a84063787ab8e21e0950d4d6709886fb62bcb91d5", size = 345900 },
    { url = "https://files.pythonhosted.org/packages/92/eb/f81a4be6397861adb2cb868bb6a28a33292c2dcac567d1dc575226055e55/rpds_py-0.23.1-cp313-cp313t-manylinux_2_17_aarch64.manylinux2014_aarch64.whl", hash = "sha256:9e9f3a3ac919406bc0414bbbd76c6af99253c507150191ea79fab42fdb35982a", size = 386426 },
    { url = "https://files.pythonhosted.org/packages/09/47/1f810c9b5e83be005341201b5389f1d240dfa440346ea7189f9b3fd6961d/rpds_py-0.23.1-cp313-cp313t-manylinux_2_17_armv7l.manylinux2014_armv7l.whl", hash = "sha256:c04ca91dda8a61584165825907f5c967ca09e9c65fe8966ee753a3f2b019fe1e", size = 392314 },
    { url = "https://files.pythonhosted.org/packages/83/bd/bc95831432fd6c46ed8001f01af26de0763a059d6d7e6d69e3c5bf02917a/rpds_py-0.23.1-cp313-cp313t-manylinux_2_17_ppc64le.manylinux2014_ppc64le.whl", hash = "sha256:4ab923167cfd945abb9b51a407407cf19f5bee35001221f2911dc85ffd35ff4f", size = 447706 },
    { url = "https://files.pythonhosted.org/packages/19/3e/567c04c226b1802dc6dc82cad3d53e1fa0a773258571c74ac5d8fbde97ed/rpds_py-0.23.1-cp313-cp313t-manylinux_2_17_s390x.manylinux2014_s390x.whl", hash = "sha256:ed6f011bedca8585787e5082cce081bac3d30f54520097b2411351b3574e1219", size = 437060 },
    { url = "https://files.pythonhosted.org/packages/fe/77/a77d2c6afe27ae7d0d55fc32f6841502648070dc8d549fcc1e6d47ff8975/rpds_py-0.23.1-cp313-cp313t-manylinux_2_17_x86_64.manylinux2014_x86_64.whl", hash = "sha256:6959bb9928c5c999aba4a3f5a6799d571ddc2c59ff49917ecf55be2bbb4e3722", size = 389347 },
    { url = "https://files.pythonhosted.org/packages/3f/47/6b256ff20a74cfebeac790ab05586e0ac91f88e331125d4740a6c86fc26f/rpds_py-0.23.1-cp313-cp313t-manylinux_2_5_i686.manylinux1_i686.whl", hash = "sha256:1ed7de3c86721b4e83ac440751329ec6a1102229aa18163f84c75b06b525ad7e", size = 415554 },
    { url = "https://files.pythonhosted.org/packages/fc/29/d4572469a245bc9fc81e35166dca19fc5298d5c43e1a6dd64bf145045193/rpds_py-0.23.1-cp313-cp313t-musllinux_1_2_aarch64.whl", hash = "sha256:5fb89edee2fa237584e532fbf78f0ddd1e49a47c7c8cfa153ab4849dc72a35e6", size = 557418 },
    { url = "https://files.pythonhosted.org/packages/9c/0a/68cf7228895b1a3f6f39f51b15830e62456795e61193d2c8b87fd48c60db/rpds_py-0.23.1-cp313-cp313t-musllinux_1_2_i686.whl", hash = "sha256:7e5413d2e2d86025e73f05510ad23dad5950ab8417b7fc6beaad99be8077138b", size = 583033 },
    { url = "https://files.pythonhosted.org/packages/14/18/017ab41dcd6649ad5db7d00155b4c212b31ab05bd857d5ba73a1617984eb/rpds_py-0.23.1-cp313-cp313t-musllinux_1_2_x86_64.whl", hash = "sha256:d31ed4987d72aabdf521eddfb6a72988703c091cfc0064330b9e5f8d6a042ff5", size = 554880 },
    { url = "https://files.pythonhosted.org/packages/2e/dd/17de89431268da8819d8d51ce67beac28d9b22fccf437bc5d6d2bcd1acdb/rpds_py-0.23.1-cp313-cp313t-win32.whl", hash = "sha256:f3429fb8e15b20961efca8c8b21432623d85db2228cc73fe22756c6637aa39e7", size = 219743 },
    { url = "https://files.pythonhosted.org/packages/68/15/6d22d07e063ce5e9bfbd96db9ec2fbb4693591b4503e3a76996639474d02/rpds_py-0.23.1-cp313-cp313t-win_amd64.whl", hash = "sha256:d6f6512a90bd5cd9030a6237f5346f046c6f0e40af98657568fa45695d4de59d", size = 235415 },
]

[[package]]
name = "shapely"
version = "2.0.7"
source = { registry = "https://pypi.org/simple" }
dependencies = [
    { name = "numpy" },
]
sdist = { url = "https://files.pythonhosted.org/packages/21/c0/a911d1fd765d07a2b6769ce155219a281bfbe311584ebe97340d75c5bdb1/shapely-2.0.7.tar.gz", hash = "sha256:28fe2997aab9a9dc026dc6a355d04e85841546b2a5d232ed953e3321ab958ee5", size = 283413 }
wheels = [
    { url = "https://files.pythonhosted.org/packages/4f/3e/ea100eec5811bafd0175eb21828a3be5b0960f65250f4474391868be7c0f/shapely-2.0.7-cp312-cp312-macosx_10_13_x86_64.whl", hash = "sha256:4c2b9859424facbafa54f4a19b625a752ff958ab49e01bc695f254f7db1835fa", size = 1482451 },
    { url = "https://files.pythonhosted.org/packages/ce/53/c6a3487716fd32e1f813d2a9608ba7b72a8a52a6966e31c6443480a1d016/shapely-2.0.7-cp312-cp312-macosx_11_0_arm64.whl", hash = "sha256:5aed1c6764f51011d69a679fdf6b57e691371ae49ebe28c3edb5486537ffbd51", size = 1345765 },
    { url = "https://files.pythonhosted.org/packages/fd/dd/b35d7891d25cc11066a70fb8d8169a6a7fca0735dd9b4d563a84684969a3/shapely-2.0.7-cp312-cp312-manylinux_2_17_aarch64.manylinux2014_aarch64.whl", hash = "sha256:73c9ae8cf443187d784d57202199bf9fd2d4bb7d5521fe8926ba40db1bc33e8e", size = 2421540 },
    { url = "https://files.pythonhosted.org/packages/62/de/8dbd7df60eb23cb983bb698aac982944b3d602ef0ce877a940c269eae34e/shapely-2.0.7-cp312-cp312-manylinux_2_17_x86_64.manylinux2014_x86_64.whl", hash = "sha256:a9469f49ff873ef566864cb3516091881f217b5d231c8164f7883990eec88b73", size = 2525741 },
    { url = "https://files.pythonhosted.org/packages/96/64/faf0413ebc7a84fe7a0790bf39ec0b02b40132b68e57aba985c0b6e4e7b6/shapely-2.0.7-cp312-cp312-win32.whl", hash = "sha256:6bca5095e86be9d4ef3cb52d56bdd66df63ff111d580855cb8546f06c3c907cd", size = 1296552 },
    { url = "https://files.pythonhosted.org/packages/63/05/8a1c279c226d6ad7604d9e237713dd21788eab96db97bf4ce0ea565e5596/shapely-2.0.7-cp312-cp312-win_amd64.whl", hash = "sha256:f86e2c0259fe598c4532acfcf638c1f520fa77c1275912bbc958faecbf00b108", size = 1443464 },
    { url = "https://files.pythonhosted.org/packages/c6/21/abea43effbfe11f792e44409ee9ad7635aa93ef1c8ada0ef59b3c1c3abad/shapely-2.0.7-cp313-cp313-macosx_10_13_x86_64.whl", hash = "sha256:a0c09e3e02f948631c7763b4fd3dd175bc45303a0ae04b000856dedebefe13cb", size = 1481618 },
    { url = "https://files.pythonhosted.org/packages/d9/71/af688798da36fe355a6e6ffe1d4628449cb5fa131d57fc169bcb614aeee7/shapely-2.0.7-cp313-cp313-macosx_11_0_arm64.whl", hash = "sha256:06ff6020949b44baa8fc2e5e57e0f3d09486cd5c33b47d669f847c54136e7027", size = 1345159 },
    { url = "https://files.pythonhosted.org/packages/67/47/f934fe2b70d31bb9774ad4376e34f81666deed6b811306ff574faa3d115e/shapely-2.0.7-cp313-cp313-manylinux_2_17_aarch64.manylinux2014_aarch64.whl", hash = "sha256:5d6dbf096f961ca6bec5640e22e65ccdec11e676344e8157fe7d636e7904fd36", size = 2410267 },
    { url = "https://files.pythonhosted.org/packages/f5/8a/2545cc2a30afc63fc6176c1da3b76af28ef9c7358ed4f68f7c6a9d86cf5b/shapely-2.0.7-cp313-cp313-manylinux_2_17_x86_64.manylinux2014_x86_64.whl", hash = "sha256:adeddfb1e22c20548e840403e5e0b3d9dc3daf66f05fa59f1fcf5b5f664f0e98", size = 2514128 },
    { url = "https://files.pythonhosted.org/packages/87/54/2344ce7da39676adec94e84fbaba92a8f1664e4ae2d33bd404dafcbe607f/shapely-2.0.7-cp313-cp313-win32.whl", hash = "sha256:a7f04691ce1c7ed974c2f8b34a1fe4c3c5dfe33128eae886aa32d730f1ec1913", size = 1295783 },
    { url = "https://files.pythonhosted.org/packages/d7/1e/6461e5cfc8e73ae165b8cff6eb26a4d65274fad0e1435137c5ba34fe4e88/shapely-2.0.7-cp313-cp313-win_amd64.whl", hash = "sha256:aaaf5f7e6cc234c1793f2a2760da464b604584fb58c6b6d7d94144fd2692d67e", size = 1442300 },
]

[[package]]
name = "six"
version = "1.17.0"
source = { registry = "https://pypi.org/simple" }
sdist = { url = "https://files.pythonhosted.org/packages/94/e7/b2c673351809dca68a0e064b6af791aa332cf192da575fd474ed7d6f16a2/six-1.17.0.tar.gz", hash = "sha256:ff70335d468e7eb6ec65b95b99d3a2836546063f63acc5171de367e834932a81", size = 34031 }
wheels = [
    { url = "https://files.pythonhosted.org/packages/b7/ce/149a00dd41f10bc29e5921b496af8b574d8413afcd5e30dfa0ed46c2cc5e/six-1.17.0-py2.py3-none-any.whl", hash = "sha256:4721f391ed90541fddacab5acf947aa0d3dc7d27b2e1e8eda2be8970586c3274", size = 11050 },
]

[[package]]
name = "typing-extensions"
version = "4.12.2"
source = { registry = "https://pypi.org/simple" }
sdist = { url = "https://files.pythonhosted.org/packages/df/db/f35a00659bc03fec321ba8bce9420de607a1d37f8342eee1863174c69557/typing_extensions-4.12.2.tar.gz", hash = "sha256:1a7ead55c7e559dd4dee8856e3a88b41225abfe1ce8df57b7c13915fe121ffb8", size = 85321 }
wheels = [
    { url = "https://files.pythonhosted.org/packages/26/9f/ad63fc0248c5379346306f8668cda6e2e2e9c95e01216d2b8ffd9ff037d0/typing_extensions-4.12.2-py3-none-any.whl", hash = "sha256:04e5ca0351e0f3f85c6853954072df659d0d13fac324d0072316b67d7794700d", size = 37438 },
]

[[package]]
name = "untangle"
version = "1.2.1"
source = { registry = "https://pypi.org/simple" }
dependencies = [
    { name = "defusedxml" },
]
sdist = { url = "https://files.pythonhosted.org/packages/a1/69/4fbd17bc16143343c022d845fd0fc2fc3bd89f85a5dce897cf00ad2c0e70/untangle-1.2.1.tar.gz", hash = "sha256:ae76522472722b31b303d5100c3c6f8b7dd4952b7b6c9d31e6d7b4a56f1a6d30", size = 4809 }
wheels = [
    { url = "https://files.pythonhosted.org/packages/c7/4a/7f7857e04d5499af7c20b82b6bae13cb4ca7543aabcef06b4069a09462d9/untangle-1.2.1-py3-none-any.whl", hash = "sha256:1e783bb75996daf46ff7239ba049ee0eb54c056e235ac34809d74ea9e9898dd1", size = 4816 },
]
